PODS:
  - Reusable (4.1.0):
    - Reusable/Storyboard (= 4.1.0)
    - Reusable/View (= 4.1.0)
  - Reusable/Storyboard (4.1.0)
  - Reusable/View (4.1.0)

DEPENDENCIES:
  - Reusable (= 4.1.0)

SPEC REPOS:
  https://github.com/cocoapods/specs.git:
    - Reusable

SPEC CHECKSUMS:
  Reusable: 82be188f29d96dc5eff0db7b2393bcc08d2cdd5b

PODFILE CHECKSUM: 8e8e3e22dfce77037c2c432fc2d5f70c521ad40f

COCOAPODS: 1.5.3
